
Microsoft Visual Studio Solution File, Format Version 12.00
# Visual Studio Version 16
VisualStudioVersion = 16.0.29503.13
MinimumVisualStudioVersion = 10.0.40219.1
Project("{FAE04EC0-301F-11D3-BF4B-00C04F79EFBC}") = "WorkList", "WorkList.csproj", "{D35E8101-9DD7-404A-9AFB-29A321354DFE}"
EndProject
Global
	GlobalSection(SolutionConfigurationPlatforms) = preSolution
		Debug|Any CPU = Debug|Any CPU
		Release|Any CPU = Release|Any CPU
	EndGlobalSection
	GlobalSection(ProjectConfigurationPlatforms) = postSolution
		{D35E8101-9DD7-404A-9AFB-29A321354DFE}.Debug|Any CPU.ActiveCfg = Debug|Any CPU
		{D35E8101-9DD7-404A-9AFB-29A321354DFE}.Debug|Any CPU.Build.0 = Debug|Any CPU
		{D35E8101-9DD7-404A-9AFB-29A321354DFE}.Release|Any CPU.ActiveCfg = Release|Any CPU
		{D35E8101-9DD7-404A-9AFB-29A321354DFE}.Release|Any CPU.Build.0 = Release|Any CPU
	EndGlobalSection
	GlobalSection(SolutionProperties) = preSolution
		HideSolutionNode = FALSE
	EndGlobalSection
	GlobalSection(ExtensibilityGlobals) = postSolution
		SolutionGuid = {C9B4009E-C099-420D-B9E0-9A28572021DB}
	EndGlobalSection
EndGlobal
